{
  "lib/chainlink": {
    "tag": {
      "name": "v2.35.0",
      "rev": "fa0b0b1c850d1aa62cbc9445e59b68ffd24a5d4f"
    }
  },
  "lib/chainlink-brownie-contracts": {
    "tag": {
      "name": "1.3.0",
      "rev": "5cb41fbc9b525338b6098da5ea7dd0b7e92f89e4"
    }
  },
  "lib/openzeppelin-contracts-upgradeable": {
    "tag": {
      "name": "v5.5.0",
      "rev": "aa677e9d28ed78fc427ec47ba2baef2030c58e7c"
    }
  }
}